// !$*UTF8*$!
{
	archiveVersion = 1;
	classes = {
	};
	objectVersion = 46;
	objects = {

/* Begin PBXBuildFile section */
		22FCA3682BD301B9D5A76BBC /* Pods_ModuleLab.framework in Frameworks */ = {isa = PBXBuildFile; fileRef = E6EF47969195BBC2800C7C1C /* Pods_ModuleLab.framework */; };
		F10FE7331E5843AA0097B583 /* AppDelegate.swift in Sources */ = {isa = PBXBuildFile; fileRef = F10FE7321E5843AA0097B583 /* AppDelegate.swift */; };
		F10FE7351E5843AA0097B583 /* TopSongViewController.swift in Sources */ = {isa = PBXBuildFile; fileRef = F10FE7341E5843AA0097B583 /* TopSongViewController.swift */; };
		F10FE7381E5843AA0097B583 /* Main.storyboard in Resources */ = {isa = PBXBuildFile; fileRef = F10FE7361E5843AA0097B583 /* Main.storyboard */; };
		F10FE73A1E5843AA0097B583 /* Assets.xcassets in Resources */ = {isa = PBXBuildFile; fileRef = F10FE7391E5843AA0097B583 /* Assets.xcassets */; };
		F10FE73D1E5843AA0097B583 /* LaunchScreen.storyboard in Resources */ = {isa = PBXBuildFile; fileRef = F10FE73B1E5843AA0097B583 /* LaunchScreen.storyboard */; };
		F112BDE71E597A27008A4045 /* Song.swift in Sources */ = {isa = PBXBuildFile; fileRef = F112BDE61E597A27008A4045 /* Song.swift */; };
		F112BFCC1E5985BE008A4045 /* DiscoverViewController.swift in Sources */ = {isa = PBXBuildFile; fileRef = F112BFCB1E5985BE008A4045 /* DiscoverViewController.swift */; };
		F112BFD01E599BE2008A4045 /* CollectionViewCell.swift in Sources */ = {isa = PBXBuildFile; fileRef = F112BFCF1E599BE2008A4045 /* CollectionViewCell.swift */; };
		F11FCD6D1E619C3300241B11 /* View.xib in Resources */ = {isa = PBXBuildFile; fileRef = F11FCD6C1E619C3300241B11 /* View.xib */; };
		F11FCD6F1E619D9900241B11 /* View.swift in Sources */ = {isa = PBXBuildFile; fileRef = F11FCD6E1E619D9900241B11 /* View.swift */; };
		F16957A81E5CBFF20040E251 /* NavigationViewController.swift in Sources */ = {isa = PBXBuildFile; fileRef = F16957A71E5CBFF20040E251 /* NavigationViewController.swift */; };
		F16957AA1E5D26C50040E251 /* NavigationItemController.swift in Sources */ = {isa = PBXBuildFile; fileRef = F16957A91E5D26C50040E251 /* NavigationItemController.swift */; };
		F16957AC1E5D2E950040E251 /* TopSongTableViewCell.swift in Sources */ = {isa = PBXBuildFile; fileRef = F16957AB1E5D2E950040E251 /* TopSongTableViewCell.swift */; };
		F16957AE1E5D2FA50040E251 /* Utils.swift in Sources */ = {isa = PBXBuildFile; fileRef = F16957AD1E5D2FA50040E251 /* Utils.swift */; };
		F16957B01E5D411D0040E251 /* Share.swift in Sources */ = {isa = PBXBuildFile; fileRef = F16957AF1E5D411D0040E251 /* Share.swift */; };
		F179A2241E610B060027B9C9 /* ZingSong.swift in Sources */ = {isa = PBXBuildFile; fileRef = F179A2231E610B060027B9C9 /* ZingSong.swift */; };
		F179A2261E612E230027B9C9 /* MusicPlayerManager.swift in Sources */ = {isa = PBXBuildFile; fileRef = F179A2251E612E230027B9C9 /* MusicPlayerManager.swift */; };
		F195D2081E5E74DE00909EB4 /* StringScore.swift in Sources */ = {isa = PBXBuildFile; fileRef = F195D2071E5E74DE00909EB4 /* StringScore.swift */; };
/* End PBXBuildFile section */

/* Begin PBXFileReference section */
		6C1A2D2A3FE6B100D7D33F3C /* Pods-ModuleLab.debug.xcconfig */ = {isa = PBXFileReference; includeInIndex = 1; lastKnownFileType = text.xcconfig; name = "Pods-ModuleLab.debug.xcconfig"; path = "Pods/Target Support Files/Pods-ModuleLab/Pods-ModuleLab.debug.xcconfig"; sourceTree = "<group>"; };
		6FAEA320A113BB8073FE0FD0 /* Pods-ModuleLab.release.xcconfig */ = {isa = PBXFileReference; includeInIndex = 1; lastKnownFileType = text.xcconfig; name = "Pods-ModuleLab.release.xcconfig"; path = "Pods/Target Support Files/Pods-ModuleLab/Pods-ModuleLab.release.xcconfig"; sourceTree = "<group>"; };
		E6EF47969195BBC2800C7C1C /* Pods_ModuleLab.framework */ = {isa = PBXFileReference; explicitFileType = wrapper.framework; includeInIndex = 0; path = Pods_ModuleLab.framework; sourceTree = BUILT_PRODUCTS_DIR; };
		F10FE72F1E5843AA0097B583 /* ModuleLab.app */ = {isa = PBXFileReference; explicitFileType = wrapper.application; includeInIndex = 0; path = ModuleLab.app; sourceTree = BUILT_PRODUCTS_DIR; };
		F10FE7321E5843AA0097B583 /* AppDelegate.swift */ = {isa = PBXFileReference; lastKnownFileType = sourcecode.swift; path = AppDelegate.swift; sourceTree = "<group>"; };
		F10FE7341E5843AA0097B583 /* TopSongViewController.swift */ = {isa = PBXFileReference; lastKnownFileType = sourcecode.swift; path = TopSongViewController.swift; sourceTree = "<group>"; };
		F10FE7371E5843AA0097B583 /* Base */ = {isa = PBXFileReference; lastKnownFileType = file.storyboard; name = Base; path = Base.lproj/Main.storyboard; sourceTree = "<group>"; };
		F10FE7391E5843AA0097B583 /* Assets.xcassets */ = {isa = PBXFileReference; lastKnownFileType = folder.assetcatalog; path = Assets.xcassets; sourceTree = "<group>"; };
		F10FE73C1E5843AA0097B583 /* Base */ = {isa = PBXFileReference; lastKnownFileType = file.storyboard; name = Base; path = Base.lproj/LaunchScreen.storyboard; sourceTree = "<group>"; };
		F10FE73E1E5843AA0097B583 /* Info.plist */ = {isa = PBXFileReference; lastKnownFileType = text.plist.xml; path = Info.plist; sourceTree = "<group>"; };
		F112BDE61E597A27008A4045 /* Song.swift */ = {isa = PBXFileReference; fileEncoding = 4; lastKnownFileType = sourcecode.swift; path = Song.swift; sourceTree = "<group>"; };
		F112BFCB1E5985BE008A4045 /* DiscoverViewController.swift */ = {isa = PBXFileReference; fileEncoding = 4; lastKnownFileType = sourcecode.swift; path = DiscoverViewController.swift; sourceTree = "<group>"; };
		F112BFCF1E599BE2008A4045 /* CollectionViewCell.swift */ = {isa = PBXFileReference; fileEncoding = 4; lastKnownFileType = sourcecode.swift; path = CollectionViewCell.swift; sourceTree = "<group>"; };
		F11FCD6C1E619C3300241B11 /* View.xib */ = {isa = PBXFileReference; fileEncoding = 4; lastKnownFileType = file.xib; path = View.xib; sourceTree = "<group>"; };
		F11FCD6E1E619D9900241B11 /* View.swift */ = {isa = PBXFileReference; fileEncoding = 4; lastKnownFileType = sourcecode.swift; path = View.swift; sourceTree = "<group>"; };
		F16957A71E5CBFF20040E251 /* NavigationViewController.swift */ = {isa = PBXFileReference; fileEncoding = 4; lastKnownFileType = sourcecode.swift; path = NavigationViewController.swift; sourceTree = "<group>"; };
		F16957A91E5D26C50040E251 /* NavigationItemController.swift */ = {isa = PBXFileReference; fileEncoding = 4; lastKnownFileType = sourcecode.swift; path = NavigationItemController.swift; sourceTree = "<group>"; };
		F16957AB1E5D2E950040E251 /* TopSongTableViewCell.swift */ = {isa = PBXFileReference; fileEncoding = 4; lastKnownFileType = sourcecode.swift; path = TopSongTableViewCell.swift; sourceTree = "<group>"; };
		F16957AD1E5D2FA50040E251 /* Utils.swift */ = {isa = PBXFileReference; fileEncoding = 4; lastKnownFileType = sourcecode.swift; name = Utils.swift; path = ../Utils.swift; sourceTree = "<group>"; };
		F16957AF1E5D411D0040E251 /* Share.swift */ = {isa = PBXFileReference; fileEncoding = 4; lastKnownFileType = sourcecode.swift; path = Share.swift; sourceTree = "<group>"; };
		F179A2231E610B060027B9C9 /* ZingSong.swift */ = {isa = PBXFileReference; fileEncoding = 4; lastKnownFileType = sourcecode.swift; path = ZingSong.swift; sourceTree = "<group>"; };
		F179A2251E612E230027B9C9 /* MusicPlayerManager.swift */ = {isa = PBXFileReference; fileEncoding = 4; lastKnownFileType = sourcecode.swift; path = MusicPlayerManager.swift; sourceTree = "<group>"; };
		F195D2071E5E74DE00909EB4 /* StringScore.swift */ = {isa = PBXFileReference; fileEncoding = 4; lastKnownFileType = sourcecode.swift; path = StringScore.swift; sourceTree = "<group>"; };
/* End PBXFileReference section */

/* Begin PBXFrameworksBuildPhase section */
		F10FE72C1E5843AA0097B583 /* Frameworks */ = {
			isa = PBXFrameworksBuildPhase;
			buildActionMask = 2147483647;
			files = (
				22FCA3682BD301B9D5A76BBC /* Pods_ModuleLab.framework in Frameworks */,
			);
			runOnlyForDeploymentPostprocessing = 0;
		};
/* End PBXFrameworksBuildPhase section */

/* Begin PBXGroup section */
		3AC495D9EF4B803F9AD0E7BC /* Pods */ = {
			isa = PBXGroup;
			children = (
				6C1A2D2A3FE6B100D7D33F3C /* Pods-ModuleLab.debug.xcconfig */,
				6FAEA320A113BB8073FE0FD0 /* Pods-ModuleLab.release.xcconfig */,
			);
			name = Pods;
			sourceTree = "<group>";
		};
		5B544E0B6D632C5A91471327 /* Frameworks */ = {
			isa = PBXGroup;
			children = (
				E6EF47969195BBC2800C7C1C /* Pods_ModuleLab.framework */,
			);
			name = Frameworks;
			sourceTree = "<group>";
		};
		F10FE7261E5843AA0097B583 = {
			isa = PBXGroup;
			children = (
				F179A2251E612E230027B9C9 /* MusicPlayerManager.swift */,
				F10FE7311E5843AA0097B583 /* ModuleLab */,
				F10FE7301E5843AA0097B583 /* Products */,
				3AC495D9EF4B803F9AD0E7BC /* Pods */,
				5B544E0B6D632C5A91471327 /* Frameworks */,
			);
			sourceTree = "<group>";
		};
		F10FE7301E5843AA0097B583 /* Products */ = {
			isa = PBXGroup;
			children = (
				F10FE72F1E5843AA0097B583 /* ModuleLab.app */,
			);
			name = Products;
			sourceTree = "<group>";
		};
		F10FE7311E5843AA0097B583 /* ModuleLab */ = {
			isa = PBXGroup;
			children = (
				F16957AD1E5D2FA50040E251 /* Utils.swift */,
				F10FE7321E5843AA0097B583 /* AppDelegate.swift */,
				F10FE7341E5843AA0097B583 /* TopSongViewController.swift */,
				F11FCD6E1E619D9900241B11 /* View.swift */,
				F112BFCB1E5985BE008A4045 /* DiscoverViewController.swift */,
				F112BFCF1E599BE2008A4045 /* CollectionViewCell.swift */,
				F195D2071E5E74DE00909EB4 /* StringScore.swift */,
				F10FE7361E5843AA0097B583 /* Main.storyboard */,
				F10FE7391E5843AA0097B583 /* Assets.xcassets */,
				F10FE73B1E5843AA0097B583 /* LaunchScreen.storyboard */,
				F10FE73E1E5843AA0097B583 /* Info.plist */,
				F112BDE61E597A27008A4045 /* Song.swift */,
				F16957A71E5CBFF20040E251 /* NavigationViewController.swift */,
				F16957A91E5D26C50040E251 /* NavigationItemController.swift */,
				F16957AB1E5D2E950040E251 /* TopSongTableViewCell.swift */,
				F16957AF1E5D411D0040E251 /* Share.swift */,
				F179A2231E610B060027B9C9 /* ZingSong.swift */,
				F11FCD6C1E619C3300241B11 /* View.xib */,
			);
			path = ModuleLab;
			sourceTree = "<group>";
		};
/* End PBXGroup section */

/* Begin PBXNativeTarget section */
		F10FE72E1E5843AA0097B583 /* ModuleLab */ = {
			isa = PBXNativeTarget;
			buildConfigurationList = F10FE7411E5843AA0097B583 /* Build configuration list for PBXNativeTarget "ModuleLab" */;
			buildPhases = (
				22BAF2D014021752923713E0 /* [CP] Check Pods Manifest.lock */,
				F10FE72B1E5843AA0097B583 /* Sources */,
				F10FE72C1E5843AA0097B583 /* Frameworks */,
				F10FE72D1E5843AA0097B583 /* Resources */,
				C375CE0B759EADD0B870B845 /* [CP] Embed Pods Frameworks */,
				1D04B4F9937DBEE728A6A15D /* [CP] Copy Pods Resources */,
			);
			buildRules = (
			);
			dependencies = (
			);
			name = ModuleLab;
			productName = ModuleLab;
			productReference = F10FE72F1E5843AA0097B583 /* ModuleLab.app */;
			productType = "com.apple.product-type.application";
		};
/* End PBXNativeTarget section */

/* Begin PBXProject section */
		F10FE7271E5843AA0097B583 /* Project object */ = {
			isa = PBXProject;
			attributes = {
				LastSwiftUpdateCheck = 0810;
				LastUpgradeCheck = 0810;
				ORGANIZATIONNAME = LuanNX;
				TargetAttributes = {
					F10FE72E1E5843AA0097B583 = {
						CreatedOnToolsVersion = 8.1;
						ProvisioningStyle = Automatic;
					};
				};
			};
			buildConfigurationList = F10FE72A1E5843AA0097B583 /* Build configuration list for PBXProject "ModuleLab" */;
			compatibilityVersion = "Xcode 3.2";
			developmentRegion = English;
			hasScannedForEncodings = 0;
			knownRegions = (
				en,
				Base,
			);
			mainGroup = F10FE7261E5843AA0097B583;
			productRefGroup = F10FE7301E5843AA0097B583 /* Products */;
			projectDirPath = "";
			projectRoot = "";
			targets = (
				F10FE72E1E5843AA0097B583 /* ModuleLab */,
			);
		};
/* End PBXProject section */

/* Begin PBXResourcesBuildPhase section */
		F10FE72D1E5843AA0097B583 /* Resources */ = {
			isa = PBXResourcesBuildPhase;
			buildActionMask = 2147483647;
			files = (
				F11FCD6D1E619C3300241B11 /* View.xib in Resources */,
				F10FE73D1E5843AA0097B583 /* LaunchScreen.storyboard in Resources */,
				F10FE73A1E5843AA0097B583 /* Assets.xcassets in Resources */,
				F10FE7381E5843AA0097B583 /* Main.storyboard in Resources */,
			);
			runOnlyForDeploymentPostprocessing = 0;
		};
/* End PBXResourcesBuildPhase section */

/* Begin PBXShellScriptBuildPhase section */
		1D04B4F9937DBEE728A6A15D /* [CP] Copy Pods Resources */ = {
			isa = PBXShellScriptBuildPhase;
			buildActionMask = 2147483647;
			files = (
			);
			inputPaths = (
			);
			name = "[CP] Copy Pods Resources";
			outputPaths = (
			);
			runOnlyForDeploymentPostprocessing = 0;
			shellPath = /bin/sh;
			shellScript = "\"${SRCROOT}/Pods/Target Support Files/Pods-ModuleLab/Pods-ModuleLab-resources.sh\"\n";
			showEnvVarsInLog = 0;
		};
		22BAF2D014021752923713E0 /* [CP] Check Pods Manifest.lock */ = {
			isa = PBXShellScriptBuildPhase;
			buildActionMask = 2147483647;
			files = (
			);
			inputPaths = (
			);
			name = "[CP] Check Pods Manifest.lock";
			outputPaths = (
			);
			runOnlyForDeploymentPostprocessing = 0;
			shellPath = /bin/sh;
			shellScript = "diff \"${PODS_ROOT}/../Podfile.lock\" \"${PODS_ROOT}/Manifest.lock\" > /dev/null\nif [ $? != 0 ] ; then\n    # print error to STDERR\n    echo \"error: The sandbox is not in sync with the Podfile.lock. Run 'pod install' or update your CocoaPods installation.\" >&2\n    exit 1\nfi\n";
			showEnvVarsInLog = 0;
		};
		C375CE0B759EADD0B870B845 /* [CP] Embed Pods Frameworks */ = {
			isa = PBXShellScriptBuildPhase;
			buildActionMask = 2147483647;
			files = (
			);
			inputPaths = (
			);
			name = "[CP] Embed Pods Frameworks";
			outputPaths = (
			);
			runOnlyForDeploymentPostprocessing = 0;
			shellPath = /bin/sh;
			shellScript = "\"${SRCROOT}/Pods/Target Support Files/Pods-ModuleLab/Pods-ModuleLab-frameworks.sh\"\n";
			showEnvVarsInLog = 0;
		};
/* End PBXShellScriptBuildPhase section */

/* Begin PBXSourcesBuildPhase section */
		F10FE72B1E5843AA0097B583 /* Sources */ = {
			isa = PBXSourcesBuildPhase;
			buildActionMask = 2147483647;
			files = (
				F16957A81E5CBFF20040E251 /* NavigationViewController.swift in Sources */,
				F112BFD01E599BE2008A4045 /* CollectionViewCell.swift in Sources */,
				F16957AE1E5D2FA50040E251 /* Utils.swift in Sources */,
				F16957AC1E5D2E950040E251 /* TopSongTableViewCell.swift in Sources */,
				F195D2081E5E74DE00909EB4 /* StringScore.swift in Sources */,
				F112BDE71E597A27008A4045 /* Song.swift in Sources */,
				F179A2261E612E230027B9C9 /* MusicPlayerManager.swift in Sources */,
				F16957B01E5D411D0040E251 /* Share.swift in Sources */,
				F112BFCC1E5985BE008A4045 /* DiscoverViewController.swift in Sources */,
				F179A2241E610B060027B9C9 /* ZingSong.swift in Sources */,
				F16957AA1E5D26C50040E251 /* NavigationItemController.swift in Sources */,
				F10FE7351E5843AA0097B583 /* TopSongViewController.swift in Sources */,
				F11FCD6F1E619D9900241B11 /* View.swift in Sources */,
				F10FE7331E5843AA0097B583 /* AppDelegate.swift in Sources */,
			);
			runOnlyForDeploymentPostprocessing = 0;
		};
/* End PBXSourcesBuildPhase section */

/* Begin PBXVariantGroup section */
		F10FE7361E5843AA0097B583 /* Main.storyboard */ = {
			isa = PBXVariantGroup;
			children = (
				F10FE7371E5843AA0097B583 /* Base */,
			);
			name = Main.storyboard;
			sourceTree = "<group>";
		};
		F10FE73B1E5843AA0097B583 /* LaunchScreen.storyboard */ = {
			isa = PBXVariantGroup;
			children = (
				F10FE73C1E5843AA0097B583 /* Base */,
			);
			name = LaunchScreen.storyboard;
			sourceTree = "<group>";
		};
/* End PBXVariantGroup section */

/* Begin XCBuildConfiguration section */
		F10FE73F1E5843AA0097B583 /* Debug */ = {
			isa = XCBuildConfiguration;
			buildSettings = {
				ALWAYS_SEARCH_USER_PATHS = NO;
				CLANG_ANALYZER_NONNULL = YES;
				CLANG_CXX_LANGUAGE_STANDARD = "gnu++0x";
				CLANG_CXX_LIBRARY = "libc++";
				CLANG_ENABLE_MODULES = YES;
				CLANG_ENABLE_OBJC_ARC = YES;
				CLANG_WARN_BOOL_CONVERSION = YES;
				CLANG_WARN_CONSTANT_CONVERSION = YES;
				CLANG_WARN_DIRECT_OBJC_ISA_USAGE = YES_ERROR;
				CLANG_WARN_DOCUMENTATION_COMMENTS = YES;
				CLANG_WARN_EMPTY_BODY = YES;
				CLANG_WARN_ENUM_CONVERSION = YES;
				CLANG_WARN_INFINITE_RECURSION = YES;
				CLANG_WARN_INT_CONVERSION = YES;
				CLANG_WARN_OBJC_ROOT_CLASS = YES_ERROR;
				CLANG_WARN_SUSPICIOUS_MOVES = YES;
				CLANG_WARN_UNREACHABLE_CODE = YES;
				CLANG_WARN__DUPLICATE_METHOD_MATCH = YES;
				"CODE_SIGN_IDENTITY[sdk=iphoneos*]" = "iPhone Developer";
				COPY_PHASE_STRIP = NO;
				DEBUG_INFORMATION_FORMAT = dwarf;
				ENABLE_STRICT_OBJC_MSGSEND = YES;
				ENABLE_TESTABILITY = YES;
				GCC_C_LANGUAGE_STANDARD = gnu99;
				GCC_DYNAMIC_NO_PIC = NO;
				GCC_NO_COMMON_BLOCKS = YES;
				GCC_OPTIMIZATION_LEVEL = 0;
				GCC_PREPROCESSOR_DEFINITIONS = (
					"DEBUG=1",
					"$(inherited)",
				);
				GCC_WARN_64_TO_32_BIT_CONVERSION = YES;
				GCC_WARN_ABOUT_RETURN_TYPE = YES_ERROR;
				GCC_WARN_UNDECLARED_SELECTOR = YES;
				GCC_WARN_UNINITIALIZED_AUTOS = YES_AGGRESSIVE;
				GCC_WARN_UNUSED_FUNCTION = YES;
				GCC_WARN_UNUSED_VARIABLE = YES;
				IPHONEOS_DEPLOYMENT_TARGET = 10.1;
				MTL_ENABLE_DEBUG_INFO = YES;
				ONLY_ACTIVE_ARCH = YES;
				SDKROOT = iphoneos;
				SWIFT_ACTIVE_COMPILATION_CONDITIONS = DEBUG;
				SWIFT_OPTIMIZATION_LEVEL = "-Onone";
				TARGETED_DEVICE_FAMILY = "1,2";
			};
			name = Debug;
		};
		F10FE7401E5843AA0097B583 /* Release */ = {
			isa = XCBuildConfiguration;
			buildSettings = {
				ALWAYS_SEARCH_USER_PATHS = NO;
				CLANG_ANALYZER_NONNULL = YES;
				CLANG_CXX_LANGUAGE_STANDARD = "gnu++0x";
				CLANG_CXX_LIBRARY = "libc++";
				CLANG_ENABLE_MODULES = YES;
				CLANG_ENABLE_OBJC_ARC = YES;
				CLANG_WARN_BOOL_CONVERSION = YES;
				CLANG_WARN_CONSTANT_CONVERSION = YES;
				CLANG_WARN_DIRECT_OBJC_ISA_USAGE = YES_ERROR;
				CLANG_WARN_DOCUMENTATION_COMMENTS = YES;
				CLANG_WARN_EMPTY_BODY = YES;
				CLANG_WARN_ENUM_CONVERSION = YES;
				CLANG_WARN_INFINITE_RECURSION = YES;
				CLANG_WARN_INT_CONVERSION = YES;
				CLANG_WARN_OBJC_ROOT_CLASS = YES_ERROR;
				CLANG_WARN_SUSPICIOUS_MOVES = YES;
				CLANG_WARN_UNREACHABLE_CODE = YES;
				CLANG_WARN__DUPLICATE_METHOD_MATCH = YES;
				"CODE_SIGN_IDENTITY[sdk=iphoneos*]" = "iPhone Developer";
				COPY_PHASE_STRIP = NO;
				DEBUG_INFORMATION_FORMAT = "dwarf-with-dsym";
				ENABLE_NS_ASSERTIONS = NO;
				ENABLE_STRICT_OBJC_MSGSEND = YES;
				GCC_C_LANGUAGE_STANDARD = gnu99;
				GCC_NO_COMMON_BLOCKS = YES;
				GCC_WARN_64_TO_32_BIT_CONVERSION = YES;
				GCC_WARN_ABOUT_RETURN_TYPE = YES_ERROR;
				GCC_WARN_UNDECLARED_SELECTOR = YES;
				GCC_WARN_UNINITIALIZED_AUTOS = YES_AGGRESSIVE;
				GCC_WARN_UNUSED_FUNCTION = YES;
				GCC_WARN_UNUSED_VARIABLE = YES;
				IPHONEOS_DEPLOYMENT_TARGET = 10.1;
				MTL_ENABLE_DEBUG_INFO = NO;
				SDKROOT = iphoneos;
				SWIFT_OPTIMIZATION_LEVEL = "-Owholemodule";
				TARGETED_DEVICE_FAMILY = "1,2";
				VALIDATE_PRODUCT = YES;
			};
			name = Release;
		};
		F10FE7421E5843AA0097B583 /* Debug */ = {
			isa = XCBuildConfiguration;
			baseConfigurationReference = 6C1A2D2A3FE6B100D7D33F3C /* Pods-ModuleLab.debug.xcconfig */;
			buildSettings = {
				ASSETCATALOG_COMPILER_APPICON_NAME = AppIcon;
				INFOPLIST_FILE = ModuleLab/Info.plist;
				LD_RUNPATH_SEARCH_PATHS = "$(inherited) @executable_path/Frameworks";
				PRODUCT_BUNDLE_IDENTIFIER = vn.techkids.ModuleLab;
				PRODUCT_NAME = "$(TARGET_NAME)";
				SWIFT_VERSION = 3.0;
			};
			name = Debug;
		};
		F10FE7431E5843AA0097B583 /* Release */ = {
			isa = XCBuildConfiguration;
			baseConfigurationReference = 6FAEA320A113BB8073FE0FD0 /* Pods-ModuleLab.release.xcconfig */;
			buildSettings = {
				ASSETCATALOG_COMPILER_APPICON_NAME = AppIcon;
				INFOPLIST_FILE = ModuleLab/Info.plist;
				LD_RUNPATH_SEARCH_PATHS = "$(inherited) @executable_path/Frameworks";
				PRODUCT_BUNDLE_IDENTIFIER = vn.techkids.ModuleLab;
				PRODUCT_NAME = "$(TARGET_NAME)";
				SWIFT_VERSION = 3.0;
			};
			name = Release;
		};
/* End XCBuildConfiguration section */

/* Begin XCConfigurationList section */
		F10FE72A1E5843AA0097B583 /* Build configuration list for PBXProject "ModuleLab" */ = {
			isa = XCConfigurationList;
			buildConfigurations = (
				F10FE73F1E5843AA0097B583 /* Debug */,
				F10FE7401E5843AA0097B583 /* Release */,
			);
			defaultConfigurationIsVisible = 0;
			defaultConfigurationName = Release;
		};
		F10FE7411E5843AA0097B583 /* Build configuration list for PBXNativeTarget "ModuleLab" */ = {
			isa = XCConfigurationList;
			buildConfigurations = (
				F10FE7421E5843AA0097B583 /* Debug */,
				F10FE7431E5843AA0097B583 /* Release */,
			);
			defaultConfigurationIsVisible = 0;
			defaultConfigurationName = Release;
		};
/* End XCConfigurationList section */
	};
	rootObject = F10FE7271E5843AA0097B583 /* Project object */;
}
